
Microsoft Visual Studio Solution File, Format Version 12.00
# Visual Studio Version 17
VisualStudioVersion = 17.11.35312.102
MinimumVisualStudioVersion = 10.0.40219.1
Project("{FAE04EC0-301F-11D3-BF4B-00C04F79EFBC}") = "EcommerceProjCodeFirst", "EcommerceProjCodeFirst.csproj", "{75063760-A3DE-485D-842E-7C3635AF154E}"
EndProject
Global
	GlobalSection(SolutionConfigurationPlatforms) = preSolution
		Debug|Any CPU = Debug|Any CPU
		Release|Any CPU = Release|Any CPU
	EndGlobalSection
	GlobalSection(ProjectConfigurationPlatforms) = postSolution
		{75063760-A3DE-485D-842E-7C3635AF154E}.Debug|Any CPU.ActiveCfg = Debug|Any CPU
		{75063760-A3DE-485D-842E-7C3635AF154E}.Debug|Any CPU.Build.0 = Debug|Any CPU
		{75063760-A3DE-485D-842E-7C3635AF154E}.Release|Any CPU.ActiveCfg = Release|Any CPU
		{75063760-A3DE-485D-842E-7C3635AF154E}.Release|Any CPU.Build.0 = Release|Any CPU
	EndGlobalSection
	GlobalSection(SolutionProperties) = preSolution
		HideSolutionNode = FALSE
	EndGlobalSection
	GlobalSection(ExtensibilityGlobals) = postSolution
		SolutionGuid = {7CE6207C-4E68-4655-93A8-9E161F8D439F}
	EndGlobalSection
EndGlobal
